
Microsoft Visual Studio Solution File, Format Version 12.00
# Visual Studio Version 17
VisualStudioVersion = 17.5.33516.290
MinimumVisualStudioVersion = 10.0.40219.1
Project("{9A19103F-16F7-4668-BE54-9A1E7A4F7556}") = "MoveRecorder", "MoveRecorder\MoveRecorder.csproj", "{DA93FA15-B42B-41B6-AD94-DBC7D5017F27}"
EndProject
Project("{FAE04EC0-301F-11D3-BF4B-00C04F79EFBC}") = "ControllerSetup", "ControllerSetup\ControllerSetup.csproj", "{240ED968-711B-4406-8452-41D465C019CE}"
EndProject
Global
	GlobalSection(SolutionConfigurationPlatforms) = preSolution
		Debug|Any CPU = Debug|Any CPU
		Release|Any CPU = Release|Any CPU
	EndGlobalSection
	GlobalSection(ProjectConfigurationPlatforms) = postSolution
		{DA93FA15-B42B-41B6-AD94-DBC7D5017F27}.Debug|Any CPU.ActiveCfg = Debug|Any CPU
		{DA93FA15-B42B-41B6-AD94-DBC7D5017F27}.Debug|Any CPU.Build.0 = Debug|Any CPU
		{DA93FA15-B42B-41B6-AD94-DBC7D5017F27}.Release|Any CPU.ActiveCfg = Release|Any CPU
		{DA93FA15-B42B-41B6-AD94-DBC7D5017F27}.Release|Any CPU.Build.0 = Release|Any CPU
		{240ED968-711B-4406-8452-41D465C019CE}.Debug|Any CPU.ActiveCfg = Debug|Any CPU
		{240ED968-711B-4406-8452-41D465C019CE}.Debug|Any CPU.Build.0 = Debug|Any CPU
		{240ED968-711B-4406-8452-41D465C019CE}.Release|Any CPU.ActiveCfg = Release|Any CPU
		{240ED968-711B-4406-8452-41D465C019CE}.Release|Any CPU.Build.0 = Release|Any CPU
	EndGlobalSection
	GlobalSection(SolutionProperties) = preSolution
		HideSolutionNode = FALSE
	EndGlobalSection
	GlobalSection(ExtensibilityGlobals) = postSolution
		SolutionGuid = {F9EBA6F7-B2C3-48EE-9767-293DA97D83E8}
	EndGlobalSection
EndGlobal
